
Microsoft Visual Studio Solution File, Format Version 12.00
# Visual Studio 15
VisualStudioVersion = 15.0.28307.271
MinimumVisualStudioVersion = 10.0.40219.1
Project("{FAE04EC0-301F-11D3-BF4B-00C04F79EFBC}") = "COMP100-Lesson004", "COMP100-Lesson004\COMP100-Lesson004.csproj", "{8B5D0403-E2D1-4DA4-A733-AC628E7FBDEA}"
EndProject
Global
	GlobalSection(SolutionConfigurationPlatforms) = preSolution
		Debug|Any CPU = Debug|Any CPU
		Release|Any CPU = Release|Any CPU
	EndGlobalSection
	GlobalSection(ProjectConfigurationPlatforms) = postSolution
		{8B5D0403-E2D1-4DA4-A733-AC628E7FBDEA}.Debug|Any CPU.ActiveCfg = Debug|Any CPU
		{8B5D0403-E2D1-4DA4-A733-AC628E7FBDEA}.Debug|Any CPU.Build.0 = Debug|Any CPU
		{8B5D0403-E2D1-4DA4-A733-AC628E7FBDEA}.Release|Any CPU.ActiveCfg = Release|Any CPU
		{8B5D0403-E2D1-4DA4-A733-AC628E7FBDEA}.Release|Any CPU.Build.0 = Release|Any CPU
	EndGlobalSection
	GlobalSection(SolutionProperties) = preSolution
		HideSolutionNode = FALSE
	EndGlobalSection
	GlobalSection(ExtensibilityGlobals) = postSolution
		SolutionGuid = {8630B68F-14E6-45BC-8043-A522D3491055}
	EndGlobalSection
EndGlobal
